
Microsoft Visual Studio Solution File, Format Version 12.00
# Visual Studio 15
VisualStudioVersion = 15.0.28307.329
MinimumVisualStudioVersion = 10.0.40219.1
Project("{FAE04EC0-301F-11D3-BF4B-00C04F79EFBC}") = "lab1_3", "lab1_3\lab1_3.csproj", "{45C237C9-CAC1-472E-9D45-0FC42FA14CE7}"
EndProject
Global
	GlobalSection(SolutionConfigurationPlatforms) = preSolution
		Debug|Any CPU = Debug|Any CPU
		Release|Any CPU = Release|Any CPU
	EndGlobalSection
	GlobalSection(ProjectConfigurationPlatforms) = postSolution
		{45C237C9-CAC1-472E-9D45-0FC42FA14CE7}.Debug|Any CPU.ActiveCfg = Debug|Any CPU
		{45C237C9-CAC1-472E-9D45-0FC42FA14CE7}.Debug|Any CPU.Build.0 = Debug|Any CPU
		{45C237C9-CAC1-472E-9D45-0FC42FA14CE7}.Release|Any CPU.ActiveCfg = Release|Any CPU
		{45C237C9-CAC1-472E-9D45-0FC42FA14CE7}.Release|Any CPU.Build.0 = Release|Any CPU
	EndGlobalSection
	GlobalSection(SolutionProperties) = preSolution
		HideSolutionNode = FALSE
	EndGlobalSection
	GlobalSection(ExtensibilityGlobals) = postSolution
		SolutionGuid = {D9AB4D03-A02B-4E4F-9BC1-4E6007F75E87}
	EndGlobalSection
EndGlobal
